
Microsoft Visual Studio Solution File, Format Version 12.00
# Visual Studio Version 17
VisualStudioVersion = 17.10.35027.167
MinimumVisualStudioVersion = 10.0.40219.1
Project("{FAE04EC0-301F-11D3-BF4B-00C04F79EFBC}") = "AutoUpdateTest", "AutoUpdateTest\AutoUpdateTest.csproj", "{65CAE6AA-C365-4D7D-8214-C14745170D69}"
EndProject
Project("{54435603-DBB4-11D2-8724-00A0C9A8B90C}") = "Setup1", "Setup1\Setup1.vdproj", "{77CABF21-8CAA-40B7-96FF-32E5A3932489}"
EndProject
Project("{2150E333-8FDC-42A3-9474-1A3956D46DE8}") = "Solution Items", "Solution Items", "{18B37FBD-AA73-48B2-8EC4-A79CD30A213B}"
EndProject
Global
	GlobalSection(SolutionConfigurationPlatforms) = preSolution
		Debug|Any CPU = Debug|Any CPU
		Release|Any CPU = Release|Any CPU
	EndGlobalSection
	GlobalSection(ProjectConfigurationPlatforms) = postSolution
		{65CAE6AA-C365-4D7D-8214-C14745170D69}.Debug|Any CPU.ActiveCfg = Debug|Any CPU
		{65CAE6AA-C365-4D7D-8214-C14745170D69}.Debug|Any CPU.Build.0 = Debug|Any CPU
		{65CAE6AA-C365-4D7D-8214-C14745170D69}.Release|Any CPU.ActiveCfg = Release|Any CPU
		{65CAE6AA-C365-4D7D-8214-C14745170D69}.Release|Any CPU.Build.0 = Release|Any CPU
		{77CABF21-8CAA-40B7-96FF-32E5A3932489}.Debug|Any CPU.ActiveCfg = Debug
		{77CABF21-8CAA-40B7-96FF-32E5A3932489}.Release|Any CPU.ActiveCfg = Release
	EndGlobalSection
	GlobalSection(SolutionProperties) = preSolution
		HideSolutionNode = FALSE
	EndGlobalSection
	GlobalSection(ExtensibilityGlobals) = postSolution
		SolutionGuid = {3CD7FEE7-2AA8-4742-9F88-0DF11231FD7F}
	EndGlobalSection
EndGlobal
